
Microsoft Visual Studio Solution File, Format Version 12.00
# Visual Studio Version 17
VisualStudioVersion = 17.12.35707.178 d17.12
MinimumVisualStudioVersion = 10.0.40219.1
Project("{FAE04EC0-301F-11D3-BF4B-00C04F79EFBC}") = "loonstrook", "loonstrook\loonstrook.csproj", "{C9A9FF72-A0F5-4E7F-8123-3B7440547694}"
EndProject
Project("{FAE04EC0-301F-11D3-BF4B-00C04F79EFBC}") = "buisness logic layer", "buisness logic layer\buisness logic layer.csproj", "{FFA1050F-B968-4B51-AF96-3481E27D645E}"
EndProject
Project("{FAE04EC0-301F-11D3-BF4B-00C04F79EFBC}") = "DAL", "DAL\DAL.csproj", "{2523E141-0A30-45CA-8CC6-DDF7A30B6BE5}"
EndProject
Global
	GlobalSection(SolutionConfigurationPlatforms) = preSolution
		Debug|Any CPU = Debug|Any CPU
		Release|Any CPU = Release|Any CPU
	EndGlobalSection
	GlobalSection(ProjectConfigurationPlatforms) = postSolution
		{C9A9FF72-A0F5-4E7F-8123-3B7440547694}.Debug|Any CPU.ActiveCfg = Debug|Any CPU
		{C9A9FF72-A0F5-4E7F-8123-3B7440547694}.Debug|Any CPU.Build.0 = Debug|Any CPU
		{C9A9FF72-A0F5-4E7F-8123-3B7440547694}.Release|Any CPU.ActiveCfg = Release|Any CPU
		{C9A9FF72-A0F5-4E7F-8123-3B7440547694}.Release|Any CPU.Build.0 = Release|Any CPU
		{FFA1050F-B968-4B51-AF96-3481E27D645E}.Debug|Any CPU.ActiveCfg = Debug|Any CPU
		{FFA1050F-B968-4B51-AF96-3481E27D645E}.Debug|Any CPU.Build.0 = Debug|Any CPU
		{FFA1050F-B968-4B51-AF96-3481E27D645E}.Release|Any CPU.ActiveCfg = Release|Any CPU
		{FFA1050F-B968-4B51-AF96-3481E27D645E}.Release|Any CPU.Build.0 = Release|Any CPU
		{2523E141-0A30-45CA-8CC6-DDF7A30B6BE5}.Debug|Any CPU.ActiveCfg = Debug|Any CPU
		{2523E141-0A30-45CA-8CC6-DDF7A30B6BE5}.Debug|Any CPU.Build.0 = Debug|Any CPU
		{2523E141-0A30-45CA-8CC6-DDF7A30B6BE5}.Release|Any CPU.ActiveCfg = Release|Any CPU
		{2523E141-0A30-45CA-8CC6-DDF7A30B6BE5}.Release|Any CPU.Build.0 = Release|Any CPU
	EndGlobalSection
	GlobalSection(SolutionProperties) = preSolution
		HideSolutionNode = FALSE
	EndGlobalSection
EndGlobal
